// !$*UTF8*$!
{
	archiveVersion = 1;
	classes = {
	};
	objectVersion = 50;
	objects = {

/* Begin PBXBuildFile section */
		8453565B24FAA2B3009A937E /* CreateViewController.swift in Sources */ = {isa = PBXBuildFile; fileRef = 8453565A24FAA2B3009A937E /* CreateViewController.swift */; };
		848CC04624FA2A9C00749998 /* AppDelegate.swift in Sources */ = {isa = PBXBuildFile; fileRef = 848CC04524FA2A9C00749998 /* AppDelegate.swift */; };
		848CC04824FA2A9C00749998 /* SceneDelegate.swift in Sources */ = {isa = PBXBuildFile; fileRef = 848CC04724FA2A9C00749998 /* SceneDelegate.swift */; };
		848CC04A24FA2A9C00749998 /* ListViewController.swift in Sources */ = {isa = PBXBuildFile; fileRef = 848CC04924FA2A9C00749998 /* ListViewController.swift */; };
		848CC04D24FA2A9C00749998 /* Main.storyboard in Resources */ = {isa = PBXBuildFile; fileRef = 848CC04B24FA2A9C00749998 /* Main.storyboard */; };
		848CC04F24FA2A9D00749998 /* Assets.xcassets in Resources */ = {isa = PBXBuildFile; fileRef = 848CC04E24FA2A9D00749998 /* Assets.xcassets */; };
		848CC05224FA2A9D00749998 /* LaunchScreen.storyboard in Resources */ = {isa = PBXBuildFile; fileRef = 848CC05024FA2A9D00749998 /* LaunchScreen.storyboard */; };
		848CC05B24FA337E00749998 /* Realm.framework in Frameworks */ = {isa = PBXBuildFile; fileRef = 848CC05A24FA337E00749998 /* Realm.framework */; };
		848CC05C24FA337E00749998 /* Realm.framework in Embed Frameworks */ = {isa = PBXBuildFile; fileRef = 848CC05A24FA337E00749998 /* Realm.framework */; settings = {ATTRIBUTES = (CodeSignOnCopy, RemoveHeadersOnCopy, ); }; };
		848CC05F24FA33E500749998 /* RealmSwift.framework in Frameworks */ = {isa = PBXBuildFile; fileRef = 848CC05E24FA33E500749998 /* RealmSwift.framework */; };
		848CC06024FA33E500749998 /* RealmSwift.framework in Embed Frameworks */ = {isa = PBXBuildFile; fileRef = 848CC05E24FA33E500749998 /* RealmSwift.framework */; settings = {ATTRIBUTES = (CodeSignOnCopy, RemoveHeadersOnCopy, ); }; };
		848CC06524FA3BB600749998 /* TodoModel.swift in Sources */ = {isa = PBXBuildFile; fileRef = 848CC06424FA3BB600749998 /* TodoModel.swift */; };
		848CC06724FA445200749998 /* TodoCell.swift in Sources */ = {isa = PBXBuildFile; fileRef = 848CC06624FA445200749998 /* TodoCell.swift */; };
/* End PBXBuildFile section */

/* Begin PBXCopyFilesBuildPhase section */
		848CC05D24FA337E00749998 /* Embed Frameworks */ = {
			isa = PBXCopyFilesBuildPhase;
			buildActionMask = 2147483647;
			dstPath = "";
			dstSubfolderSpec = 10;
			files = (
				848CC06024FA33E500749998 /* RealmSwift.framework in Embed Frameworks */,
				848CC05C24FA337E00749998 /* Realm.framework in Embed Frameworks */,
			);
			name = "Embed Frameworks";
			runOnlyForDeploymentPostprocessing = 0;
		};
/* End PBXCopyFilesBuildPhase section */

/* Begin PBXFileReference section */
		8453565A24FAA2B3009A937E /* CreateViewController.swift */ = {isa = PBXFileReference; lastKnownFileType = sourcecode.swift; path = CreateViewController.swift; sourceTree = "<group>"; };
		848CC04224FA2A9C00749998 /* RealmTest.app */ = {isa = PBXFileReference; explicitFileType = wrapper.application; includeInIndex = 0; path = RealmTest.app; sourceTree = BUILT_PRODUCTS_DIR; };
		848CC04524FA2A9C00749998 /* AppDelegate.swift */ = {isa = PBXFileReference; lastKnownFileType = sourcecode.swift; path = AppDelegate.swift; sourceTree = "<group>"; };
		848CC04724FA2A9C00749998 /* SceneDelegate.swift */ = {isa = PBXFileReference; lastKnownFileType = sourcecode.swift; path = SceneDelegate.swift; sourceTree = "<group>"; };
		848CC04924FA2A9C00749998 /* ListViewController.swift */ = {isa = PBXFileReference; lastKnownFileType = sourcecode.swift; path = ListViewController.swift; sourceTree = "<group>"; };
		848CC04C24FA2A9C00749998 /* Base */ = {isa = PBXFileReference; lastKnownFileType = file.storyboard; name = Base; path = Base.lproj/Main.storyboard; sourceTree = "<group>"; };
		848CC04E24FA2A9D00749998 /* Assets.xcassets */ = {isa = PBXFileReference; lastKnownFileType = folder.assetcatalog; path = Assets.xcassets; sourceTree = "<group>"; };
		848CC05124FA2A9D00749998 /* Base */ = {isa = PBXFileReference; lastKnownFileType = file.storyboard; name = Base; path = Base.lproj/LaunchScreen.storyboard; sourceTree = "<group>"; };
		848CC05324FA2A9D00749998 /* Info.plist */ = {isa = PBXFileReference; lastKnownFileType = text.plist.xml; path = Info.plist; sourceTree = "<group>"; };
		848CC05A24FA337E00749998 /* Realm.framework */ = {isa = PBXFileReference; lastKnownFileType = wrapper.framework; name = Realm.framework; path = Carthage/Build/iOS/Realm.framework; sourceTree = "<group>"; };
		848CC05E24FA33E500749998 /* RealmSwift.framework */ = {isa = PBXFileReference; lastKnownFileType = wrapper.framework; name = RealmSwift.framework; path = Carthage/Build/iOS/RealmSwift.framework; sourceTree = "<group>"; };
		848CC06424FA3BB600749998 /* TodoModel.swift */ = {isa = PBXFileReference; lastKnownFileType = sourcecode.swift; path = TodoModel.swift; sourceTree = "<group>"; };
		848CC06624FA445200749998 /* TodoCell.swift */ = {isa = PBXFileReference; lastKnownFileType = sourcecode.swift; path = TodoCell.swift; sourceTree = "<group>"; };
/* End PBXFileReference section */

/* Begin PBXFrameworksBuildPhase section */
		848CC03F24FA2A9C00749998 /* Frameworks */ = {
			isa = PBXFrameworksBuildPhase;
			buildActionMask = 2147483647;
			files = (
				848CC05F24FA33E500749998 /* RealmSwift.framework in Frameworks */,
				848CC05B24FA337E00749998 /* Realm.framework in Frameworks */,
			);
			runOnlyForDeploymentPostprocessing = 0;
		};
/* End PBXFrameworksBuildPhase section */

/* Begin PBXGroup section */
		848CC03924FA2A9B00749998 = {
			isa = PBXGroup;
			children = (
				848CC04424FA2A9C00749998 /* RealmTest */,
				848CC04324FA2A9C00749998 /* Products */,
				848CC05924FA337E00749998 /* Frameworks */,
			);
			sourceTree = "<group>";
		};
		848CC04324FA2A9C00749998 /* Products */ = {
			isa = PBXGroup;
			children = (
				848CC04224FA2A9C00749998 /* RealmTest.app */,
			);
			name = Products;
			sourceTree = "<group>";
		};
		848CC04424FA2A9C00749998 /* RealmTest */ = {
			isa = PBXGroup;
			children = (
				848CC04524FA2A9C00749998 /* AppDelegate.swift */,
				848CC04724FA2A9C00749998 /* SceneDelegate.swift */,
				848CC04B24FA2A9C00749998 /* Main.storyboard */,
				848CC04924FA2A9C00749998 /* ListViewController.swift */,
				8453565A24FAA2B3009A937E /* CreateViewController.swift */,
				848CC06424FA3BB600749998 /* TodoModel.swift */,
				848CC06624FA445200749998 /* TodoCell.swift */,
				848CC04E24FA2A9D00749998 /* Assets.xcassets */,
				848CC05024FA2A9D00749998 /* LaunchScreen.storyboard */,
				848CC05324FA2A9D00749998 /* Info.plist */,
			);
			path = RealmTest;
			sourceTree = "<group>";
		};
		848CC05924FA337E00749998 /* Frameworks */ = {
			isa = PBXGroup;
			children = (
				848CC05E24FA33E500749998 /* RealmSwift.framework */,
				848CC05A24FA337E00749998 /* Realm.framework */,
			);
			name = Frameworks;
			sourceTree = "<group>";
		};
/* End PBXGroup section */

/* Begin PBXNativeTarget section */
		848CC04124FA2A9C00749998 /* RealmTest */ = {
			isa = PBXNativeTarget;
			buildConfigurationList = 848CC05624FA2A9D00749998 /* Build configuration list for PBXNativeTarget "RealmTest" */;
			buildPhases = (
				848CC03E24FA2A9C00749998 /* Sources */,
				848CC03F24FA2A9C00749998 /* Frameworks */,
				848CC04024FA2A9C00749998 /* Resources */,
				848CC05D24FA337E00749998 /* Embed Frameworks */,
				848CC06124FA34B400749998 /* ShellScript */,
			);
			buildRules = (
			);
			dependencies = (
			);
			name = RealmTest;
			productName = RealmTest;
			productReference = 848CC04224FA2A9C00749998 /* RealmTest.app */;
			productType = "com.apple.product-type.application";
		};
/* End PBXNativeTarget section */

/* Begin PBXProject section */
		848CC03A24FA2A9B00749998 /* Project object */ = {
			isa = PBXProject;
			attributes = {
				LastSwiftUpdateCheck = 1150;
				LastUpgradeCheck = 1150;
				ORGANIZATIONNAME = "桑原幸大";
				TargetAttributes = {
					848CC04124FA2A9C00749998 = {
						CreatedOnToolsVersion = 11.5;
					};
				};
			};
			buildConfigurationList = 848CC03D24FA2A9B00749998 /* Build configuration list for PBXProject "RealmTest" */;
			compatibilityVersion = "Xcode 9.3";
			developmentRegion = en;
			hasScannedForEncodings = 0;
			knownRegions = (
				en,
				Base,
			);
			mainGroup = 848CC03924FA2A9B00749998;
			productRefGroup = 848CC04324FA2A9C00749998 /* Products */;
			projectDirPath = "";
			projectRoot = "";
			targets = (
				848CC04124FA2A9C00749998 /* RealmTest */,
			);
		};
/* End PBXProject section */

/* Begin PBXResourcesBuildPhase section */
		848CC04024FA2A9C00749998 /* Resources */ = {
			isa = PBXResourcesBuildPhase;
			buildActionMask = 2147483647;
			files = (
				848CC05224FA2A9D00749998 /* LaunchScreen.storyboard in Resources */,
				848CC04F24FA2A9D00749998 /* Assets.xcassets in Resources */,
				848CC04D24FA2A9C00749998 /* Main.storyboard in Resources */,
			);
			runOnlyForDeploymentPostprocessing = 0;
		};
/* End PBXResourcesBuildPhase section */

/* Begin PBXShellScriptBuildPhase section */
		848CC06124FA34B400749998 /* ShellScript */ = {
			isa = PBXShellScriptBuildPhase;
			buildActionMask = 2147483647;
			files = (
			);
			inputFileListPaths = (
			);
			inputPaths = (
				"$(SRCROOT)/Carthage/Build/iOS/Realm.framework",
				"$(SRCROOT)/Carthage/Build/iOS/RealmSwift.framework",
			);
			outputFileListPaths = (
			);
			outputPaths = (
			);
			runOnlyForDeploymentPostprocessing = 0;
			shellPath = /bin/sh;
			shellScript = "/usr/local/bin/carthage copy-frameworks\n";
		};
/* End PBXShellScriptBuildPhase section */

/* Begin PBXSourcesBuildPhase section */
		848CC03E24FA2A9C00749998 /* Sources */ = {
			isa = PBXSourcesBuildPhase;
			buildActionMask = 2147483647;
			files = (
				848CC04A24FA2A9C00749998 /* ListViewController.swift in Sources */,
				848CC06524FA3BB600749998 /* TodoModel.swift in Sources */,
				8453565B24FAA2B3009A937E /* CreateViewController.swift in Sources */,
				848CC04624FA2A9C00749998 /* AppDelegate.swift in Sources */,
				848CC06724FA445200749998 /* TodoCell.swift in Sources */,
				848CC04824FA2A9C00749998 /* SceneDelegate.swift in Sources */,
			);
			runOnlyForDeploymentPostprocessing = 0;
		};
/* End PBXSourcesBuildPhase section */

/* Begin PBXVariantGroup section */
		848CC04B24FA2A9C00749998 /* Main.storyboard */ = {
			isa = PBXVariantGroup;
			children = (
				848CC04C24FA2A9C00749998 /* Base */,
			);
			name = Main.storyboard;
			sourceTree = "<group>";
		};
		848CC05024FA2A9D00749998 /* LaunchScreen.storyboard */ = {
			isa = PBXVariantGroup;
			children = (
				848CC05124FA2A9D00749998 /* Base */,
			);
			name = LaunchScreen.storyboard;
			sourceTree = "<group>";
		};
/* End PBXVariantGroup section */

/* Begin XCBuildConfiguration section */
		848CC05424FA2A9D00749998 /* Debug */ = {
			isa = XCBuildConfiguration;
			buildSettings = {
				ALWAYS_SEARCH_USER_PATHS = NO;
				CLANG_ANALYZER_NONNULL = YES;
				CLANG_ANALYZER_NUMBER_OBJECT_CONVERSION = YES_AGGRESSIVE;
				CLANG_CXX_LANGUAGE_STANDARD = "gnu++14";
				CLANG_CXX_LIBRARY = "libc++";
				CLANG_ENABLE_MODULES = YES;
				CLANG_ENABLE_OBJC_ARC = YES;
				CLANG_ENABLE_OBJC_WEAK = YES;
				CLANG_WARN_BLOCK_CAPTURE_AUTORELEASING = YES;
				CLANG_WARN_BOOL_CONVERSION = YES;
				CLANG_WARN_COMMA = YES;
				CLANG_WARN_CONSTANT_CONVERSION = YES;
				CLANG_WARN_DEPRECATED_OBJC_IMPLEMENTATIONS = YES;
				CLANG_WARN_DIRECT_OBJC_ISA_USAGE = YES_ERROR;
				CLANG_WARN_DOCUMENTATION_COMMENTS = YES;
				CLANG_WARN_EMPTY_BODY = YES;
				CLANG_WARN_ENUM_CONVERSION = YES;
				CLANG_WARN_INFINITE_RECURSION = YES;
				CLANG_WARN_INT_CONVERSION = YES;
				CLANG_WARN_NON_LITERAL_NULL_CONVERSION = YES;
				CLANG_WARN_OBJC_IMPLICIT_RETAIN_SELF = YES;
				CLANG_WARN_OBJC_LITERAL_CONVERSION = YES;
				CLANG_WARN_OBJC_ROOT_CLASS = YES_ERROR;
				CLANG_WARN_RANGE_LOOP_ANALYSIS = YES;
				CLANG_WARN_STRICT_PROTOTYPES = YES;
				CLANG_WARN_SUSPICIOUS_MOVE = YES;
				CLANG_WARN_UNGUARDED_AVAILABILITY = YES_AGGRESSIVE;
				CLANG_WARN_UNREACHABLE_CODE = YES;
				CLANG_WARN__DUPLICATE_METHOD_MATCH = YES;
				COPY_PHASE_STRIP = NO;
				DEBUG_INFORMATION_FORMAT = dwarf;
				ENABLE_STRICT_OBJC_MSGSEND = YES;
				ENABLE_TESTABILITY = YES;
				GCC_C_LANGUAGE_STANDARD = gnu11;
				GCC_DYNAMIC_NO_PIC = NO;
				GCC_NO_COMMON_BLOCKS = YES;
				GCC_OPTIMIZATION_LEVEL = 0;
				GCC_PREPROCESSOR_DEFINITIONS = (
					"DEBUG=1",
					"$(inherited)",
				);
				GCC_WARN_64_TO_32_BIT_CONVERSION = YES;
				GCC_WARN_ABOUT_RETURN_TYPE = YES_ERROR;
				GCC_WARN_UNDECLARED_SELECTOR = YES;
				GCC_WARN_UNINITIALIZED_AUTOS = YES_AGGRESSIVE;
				GCC_WARN_UNUSED_FUNCTION = YES;
				GCC_WARN_UNUSED_VARIABLE = YES;
				IPHONEOS_DEPLOYMENT_TARGET = 13.5;
				MTL_ENABLE_DEBUG_INFO = INCLUDE_SOURCE;
				MTL_FAST_MATH = YES;
				ONLY_ACTIVE_ARCH = YES;
				SDKROOT = iphoneos;
				SWIFT_ACTIVE_COMPILATION_CONDITIONS = DEBUG;
				SWIFT_OPTIMIZATION_LEVEL = "-Onone";
			};
			name = Debug;
		};
		848CC05524FA2A9D00749998 /* Release */ = {
			isa = XCBuildConfiguration;
			buildSettings = {
				ALWAYS_SEARCH_USER_PATHS = NO;
				CLANG_ANALYZER_NONNULL = YES;
				CLANG_ANALYZER_NUMBER_OBJECT_CONVERSION = YES_AGGRESSIVE;
				CLANG_CXX_LANGUAGE_STANDARD = "gnu++14";
				CLANG_CXX_LIBRARY = "libc++";
				CLANG_ENABLE_MODULES = YES;
				CLANG_ENABLE_OBJC_ARC = YES;
				CLANG_ENABLE_OBJC_WEAK = YES;
				CLANG_WARN_BLOCK_CAPTURE_AUTORELEASING = YES;
				CLANG_WARN_BOOL_CONVERSION = YES;
				CLANG_WARN_COMMA = YES;
				CLANG_WARN_CONSTANT_CONVERSION = YES;
				CLANG_WARN_DEPRECATED_OBJC_IMPLEMENTATIONS = YES;
				CLANG_WARN_DIRECT_OBJC_ISA_USAGE = YES_ERROR;
				CLANG_WARN_DOCUMENTATION_COMMENTS = YES;
				CLANG_WARN_EMPTY_BODY = YES;
				CLANG_WARN_ENUM_CONVERSION = YES;
				CLANG_WARN_INFINITE_RECURSION = YES;
				CLANG_WARN_INT_CONVERSION = YES;
				CLANG_WARN_NON_LITERAL_NULL_CONVERSION = YES;
				CLANG_WARN_OBJC_IMPLICIT_RETAIN_SELF = YES;
				CLANG_WARN_OBJC_LITERAL_CONVERSION = YES;
				CLANG_WARN_OBJC_ROOT_CLASS = YES_ERROR;
				CLANG_WARN_RANGE_LOOP_ANALYSIS = YES;
				CLANG_WARN_STRICT_PROTOTYPES = YES;
				CLANG_WARN_SUSPICIOUS_MOVE = YES;
				CLANG_WARN_UNGUARDED_AVAILABILITY = YES_AGGRESSIVE;
				CLANG_WARN_UNREACHABLE_CODE = YES;
				CLANG_WARN__DUPLICATE_METHOD_MATCH = YES;
				COPY_PHASE_STRIP = NO;
				DEBUG_INFORMATION_FORMAT = "dwarf-with-dsym";
				ENABLE_NS_ASSERTIONS = NO;
				ENABLE_STRICT_OBJC_MSGSEND = YES;
				GCC_C_LANGUAGE_STANDARD = gnu11;
				GCC_NO_COMMON_BLOCKS = YES;
				GCC_WARN_64_TO_32_BIT_CONVERSION = YES;
				GCC_WARN_ABOUT_RETURN_TYPE = YES_ERROR;
				GCC_WARN_UNDECLARED_SELECTOR = YES;
				GCC_WARN_UNINITIALIZED_AUTOS = YES_AGGRESSIVE;
				GCC_WARN_UNUSED_FUNCTION = YES;
				GCC_WARN_UNUSED_VARIABLE = YES;
				IPHONEOS_DEPLOYMENT_TARGET = 13.5;
				MTL_ENABLE_DEBUG_INFO = NO;
				MTL_FAST_MATH = YES;
				SDKROOT = iphoneos;
				SWIFT_COMPILATION_MODE = wholemodule;
				SWIFT_OPTIMIZATION_LEVEL = "-O";
				VALIDATE_PRODUCT = YES;
			};
			name = Release;
		};
		848CC05724FA2A9D00749998 /* Debug */ = {
			isa = XCBuildConfiguration;
			buildSettings = {
				ASSETCATALOG_COMPILER_APPICON_NAME = AppIcon;
				CODE_SIGN_STYLE = Automatic;
				DEVELOPMENT_TEAM = 89THX7877A;
				FRAMEWORK_SEARCH_PATHS = (
					"$(inherited)",
					"$(PROJECT_DIR)/Carthage/Build/iOS",
				);
				INFOPLIST_FILE = RealmTest/Info.plist;
				LD_RUNPATH_SEARCH_PATHS = (
					"$(inherited)",
					"@executable_path/Frameworks",
				);
				PRODUCT_BUNDLE_IDENTIFIER = com.example.kuwabara.RealmTest;
				PRODUCT_NAME = "$(TARGET_NAME)";
				SWIFT_VERSION = 5.0;
				TARGETED_DEVICE_FAMILY = "1,2";
			};
			name = Debug;
		};
		848CC05824FA2A9D00749998 /* Release */ = {
			isa = XCBuildConfiguration;
			buildSettings = {
				ASSETCATALOG_COMPILER_APPICON_NAME = AppIcon;
				CODE_SIGN_STYLE = Automatic;
				DEVELOPMENT_TEAM = 89THX7877A;
				FRAMEWORK_SEARCH_PATHS = (
					"$(inherited)",
					"$(PROJECT_DIR)/Carthage/Build/iOS",
				);
				INFOPLIST_FILE = RealmTest/Info.plist;
				LD_RUNPATH_SEARCH_PATHS = (
					"$(inherited)",
					"@executable_path/Frameworks",
				);
				PRODUCT_BUNDLE_IDENTIFIER = com.example.kuwabara.RealmTest;
				PRODUCT_NAME = "$(TARGET_NAME)";
				SWIFT_VERSION = 5.0;
				TARGETED_DEVICE_FAMILY = "1,2";
			};
			name = Release;
		};
/* End XCBuildConfiguration section */

/* Begin XCConfigurationList section */
		848CC03D24FA2A9B00749998 /* Build configuration list for PBXProject "RealmTest" */ = {
			isa = XCConfigurationList;
			buildConfigurations = (
				848CC05424FA2A9D00749998 /* Debug */,
				848CC05524FA2A9D00749998 /* Release */,
			);
			defaultConfigurationIsVisible = 0;
			defaultConfigurationName = Release;
		};
		848CC05624FA2A9D00749998 /* Build configuration list for PBXNativeTarget "RealmTest" */ = {
			isa = XCConfigurationList;
			buildConfigurations = (
				848CC05724FA2A9D00749998 /* Debug */,
				848CC05824FA2A9D00749998 /* Release */,
			);
			defaultConfigurationIsVisible = 0;
			defaultConfigurationName = Release;
		};
/* End XCConfigurationList section */
	};
	rootObject = 848CC03A24FA2A9B00749998 /* Project object */;
}
